
Microsoft Visual Studio Solution File, Format Version 12.00
# Visual Studio Version 17
VisualStudioVersion = 17.1.32210.238
MinimumVisualStudioVersion = 10.0.40219.1
Project("{9A19103F-16F7-4668-BE54-9A1E7A4F7556}") = "EndlessSeven.Console", "EndlessSeven.Console\EndlessSeven.Console.csproj", "{F71C5B0B-83B9-4A73-A76C-FD5008C2C9D5}"
EndProject
Project("{9A19103F-16F7-4668-BE54-9A1E7A4F7556}") = "EndlessSeven.Http", "EndlessSeven.Http\EndlessSeven.Http.csproj", "{B8B5E9AE-FFF7-4022-9CC3-52F583BE00F4}"
EndProject
Project("{FAE04EC0-301F-11D3-BF4B-00C04F79EFBC}") = "EndlessSeven.Http.Abstractions", "EndlessSeven.Http.Abstractions\EndlessSeven.Http.Abstractions.csproj", "{3259202C-6B15-4980-A1A3-632A12A5921C}"
EndProject
Global
	GlobalSection(SolutionConfigurationPlatforms) = preSolution
		Debug|Any CPU = Debug|Any CPU
		Release|Any CPU = Release|Any CPU
	EndGlobalSection
	GlobalSection(ProjectConfigurationPlatforms) = postSolution
		{F71C5B0B-83B9-4A73-A76C-FD5008C2C9D5}.Debug|Any CPU.ActiveCfg = Debug|Any CPU
		{F71C5B0B-83B9-4A73-A76C-FD5008C2C9D5}.Debug|Any CPU.Build.0 = Debug|Any CPU
		{F71C5B0B-83B9-4A73-A76C-FD5008C2C9D5}.Release|Any CPU.ActiveCfg = Release|Any CPU
		{F71C5B0B-83B9-4A73-A76C-FD5008C2C9D5}.Release|Any CPU.Build.0 = Release|Any CPU
		{B8B5E9AE-FFF7-4022-9CC3-52F583BE00F4}.Debug|Any CPU.ActiveCfg = Debug|Any CPU
		{B8B5E9AE-FFF7-4022-9CC3-52F583BE00F4}.Debug|Any CPU.Build.0 = Debug|Any CPU
		{B8B5E9AE-FFF7-4022-9CC3-52F583BE00F4}.Release|Any CPU.ActiveCfg = Release|Any CPU
		{B8B5E9AE-FFF7-4022-9CC3-52F583BE00F4}.Release|Any CPU.Build.0 = Release|Any CPU
		{3259202C-6B15-4980-A1A3-632A12A5921C}.Debug|Any CPU.ActiveCfg = Debug|Any CPU
		{3259202C-6B15-4980-A1A3-632A12A5921C}.Debug|Any CPU.Build.0 = Debug|Any CPU
		{3259202C-6B15-4980-A1A3-632A12A5921C}.Release|Any CPU.ActiveCfg = Release|Any CPU
		{3259202C-6B15-4980-A1A3-632A12A5921C}.Release|Any CPU.Build.0 = Release|Any CPU
	EndGlobalSection
	GlobalSection(SolutionProperties) = preSolution
		HideSolutionNode = FALSE
	EndGlobalSection
	GlobalSection(ExtensibilityGlobals) = postSolution
		SolutionGuid = {B1B4B46D-F6C7-4703-A8DD-4E3D605A4529}
	EndGlobalSection
EndGlobal
